// !$*UTF8*$!
{
	archiveVersion = 1;
	classes = {
	};
	objectVersion = 55;
	objects = {

/* Begin PBXBuildFile section */
		5C082419283497AA00919BB8 /* AppDelegate.swift in Sources */ = {isa = PBXBuildFile; fileRef = 5C082418283497AA00919BB8 /* AppDelegate.swift */; };
		5C08241B283497AA00919BB8 /* SceneDelegate.swift in Sources */ = {isa = PBXBuildFile; fileRef = 5C08241A283497AA00919BB8 /* SceneDelegate.swift */; };
		5C08241D283497AA00919BB8 /* ViewController.swift in Sources */ = {isa = PBXBuildFile; fileRef = 5C08241C283497AA00919BB8 /* ViewController.swift */; };
		5C082420283497AA00919BB8 /* Main.storyboard in Resources */ = {isa = PBXBuildFile; fileRef = 5C08241E283497AA00919BB8 /* Main.storyboard */; };
		5C082422283497AB00919BB8 /* Assets.xcassets in Resources */ = {isa = PBXBuildFile; fileRef = 5C082421283497AB00919BB8 /* Assets.xcassets */; };
		5C082425283497AB00919BB8 /* LaunchScreen.storyboard in Resources */ = {isa = PBXBuildFile; fileRef = 5C082423283497AB00919BB8 /* LaunchScreen.storyboard */; };
		5C082430283497AB00919BB8 /* TwinnyPeopleAppTests.swift in Sources */ = {isa = PBXBuildFile; fileRef = 5C08242F283497AB00919BB8 /* TwinnyPeopleAppTests.swift */; };
		5C08243A283497AB00919BB8 /* TwinnyPeopleAppUITests.swift in Sources */ = {isa = PBXBuildFile; fileRef = 5C082439283497AB00919BB8 /* TwinnyPeopleAppUITests.swift */; };
		5C08243C283497AB00919BB8 /* TwinnyPeopleAppUITestsLaunchTests.swift in Sources */ = {isa = PBXBuildFile; fileRef = 5C08243B283497AB00919BB8 /* TwinnyPeopleAppUITestsLaunchTests.swift */; };
/* End PBXBuildFile section */

/* Begin PBXContainerItemProxy section */
		5C08242C283497AB00919BB8 /* PBXContainerItemProxy */ = {
			isa = PBXContainerItemProxy;
			containerPortal = 5C08240D283497AA00919BB8 /* Project object */;
			proxyType = 1;
			remoteGlobalIDString = 5C082414283497AA00919BB8;
			remoteInfo = TwinnyPeopleApp;
		};
		5C082436283497AB00919BB8 /* PBXContainerItemProxy */ = {
			isa = PBXContainerItemProxy;
			containerPortal = 5C08240D283497AA00919BB8 /* Project object */;
			proxyType = 1;
			remoteGlobalIDString = 5C082414283497AA00919BB8;
			remoteInfo = TwinnyPeopleApp;
		};
/* End PBXContainerItemProxy section */

/* Begin PBXFileReference section */
		5C082415283497AA00919BB8 /* TwinnyPeopleApp.app */ = {isa = PBXFileReference; explicitFileType = wrapper.application; includeInIndex = 0; path = TwinnyPeopleApp.app; sourceTree = BUILT_PRODUCTS_DIR; };
		5C082418283497AA00919BB8 /* AppDelegate.swift */ = {isa = PBXFileReference; lastKnownFileType = sourcecode.swift; path = AppDelegate.swift; sourceTree = "<group>"; };
		5C08241A283497AA00919BB8 /* SceneDelegate.swift */ = {isa = PBXFileReference; lastKnownFileType = sourcecode.swift; path = SceneDelegate.swift; sourceTree = "<group>"; };
		5C08241C283497AA00919BB8 /* ViewController.swift */ = {isa = PBXFileReference; lastKnownFileType = sourcecode.swift; path = ViewController.swift; sourceTree = "<group>"; };
		5C08241F283497AA00919BB8 /* Base */ = {isa = PBXFileReference; lastKnownFileType = file.storyboard; name = Base; path = Base.lproj/Main.storyboard; sourceTree = "<group>"; };
		5C082421283497AB00919BB8 /* Assets.xcassets */ = {isa = PBXFileReference; lastKnownFileType = folder.assetcatalog; path = Assets.xcassets; sourceTree = "<group>"; };
		5C082424283497AB00919BB8 /* Base */ = {isa = PBXFileReference; lastKnownFileType = file.storyboard; name = Base; path = Base.lproj/LaunchScreen.storyboard; sourceTree = "<group>"; };
		5C082426283497AB00919BB8 /* Info.plist */ = {isa = PBXFileReference; lastKnownFileType = text.plist.xml; path = Info.plist; sourceTree = "<group>"; };
		5C08242B283497AB00919BB8 /* TwinnyPeopleAppTests.xctest */ = {isa = PBXFileReference; explicitFileType = wrapper.cfbundle; includeInIndex = 0; path = TwinnyPeopleAppTests.xctest; sourceTree = BUILT_PRODUCTS_DIR; };
		5C08242F283497AB00919BB8 /* TwinnyPeopleAppTests.swift */ = {isa = PBXFileReference; lastKnownFileType = sourcecode.swift; path = TwinnyPeopleAppTests.swift; sourceTree = "<group>"; };
		5C082435283497AB00919BB8 /* TwinnyPeopleAppUITests.xctest */ = {isa = PBXFileReference; explicitFileType = wrapper.cfbundle; includeInIndex = 0; path = TwinnyPeopleAppUITests.xctest; sourceTree = BUILT_PRODUCTS_DIR; };
		5C082439283497AB00919BB8 /* TwinnyPeopleAppUITests.swift */ = {isa = PBXFileReference; lastKnownFileType = sourcecode.swift; path = TwinnyPeopleAppUITests.swift; sourceTree = "<group>"; };
		5C08243B283497AB00919BB8 /* TwinnyPeopleAppUITestsLaunchTests.swift */ = {isa = PBXFileReference; lastKnownFileType = sourcecode.swift; path = TwinnyPeopleAppUITestsLaunchTests.swift; sourceTree = "<group>"; };
/* End PBXFileReference section */

/* Begin PBXFrameworksBuildPhase section */
		5C082412283497AA00919BB8 /* Frameworks */ = {
			isa = PBXFrameworksBuildPhase;
			buildActionMask = 2147483647;
			files = (
			);
			runOnlyForDeploymentPostprocessing = 0;
		};
		5C082428283497AB00919BB8 /* Frameworks */ = {
			isa = PBXFrameworksBuildPhase;
			buildActionMask = 2147483647;
			files = (
			);
			runOnlyForDeploymentPostprocessing = 0;
		};
		5C082432283497AB00919BB8 /* Frameworks */ = {
			isa = PBXFrameworksBuildPhase;
			buildActionMask = 2147483647;
			files = (
			);
			runOnlyForDeploymentPostprocessing = 0;
		};
/* End PBXFrameworksBuildPhase section */

/* Begin PBXGroup section */
		5C08240C283497AA00919BB8 = {
			isa = PBXGroup;
			children = (
				5C082417283497AA00919BB8 /* TwinnyPeopleApp */,
				5C08242E283497AB00919BB8 /* TwinnyPeopleAppTests */,
				5C082438283497AB00919BB8 /* TwinnyPeopleAppUITests */,
				5C082416283497AA00919BB8 /* Products */,
			);
			sourceTree = "<group>";
		};
		5C082416283497AA00919BB8 /* Products */ = {
			isa = PBXGroup;
			children = (
				5C082415283497AA00919BB8 /* TwinnyPeopleApp.app */,
				5C08242B283497AB00919BB8 /* TwinnyPeopleAppTests.xctest */,
				5C082435283497AB00919BB8 /* TwinnyPeopleAppUITests.xctest */,
			);
			name = Products;
			sourceTree = "<group>";
		};
		5C082417283497AA00919BB8 /* TwinnyPeopleApp */ = {
			isa = PBXGroup;
			children = (
				5C082418283497AA00919BB8 /* AppDelegate.swift */,
				5C08241A283497AA00919BB8 /* SceneDelegate.swift */,
				5C08241C283497AA00919BB8 /* ViewController.swift */,
				5C08241E283497AA00919BB8 /* Main.storyboard */,
				5C082421283497AB00919BB8 /* Assets.xcassets */,
				5C082423283497AB00919BB8 /* LaunchScreen.storyboard */,
				5C082426283497AB00919BB8 /* Info.plist */,
			);
			path = TwinnyPeopleApp;
			sourceTree = "<group>";
		};
		5C08242E283497AB00919BB8 /* TwinnyPeopleAppTests */ = {
			isa = PBXGroup;
			children = (
				5C08242F283497AB00919BB8 /* TwinnyPeopleAppTests.swift */,
			);
			path = TwinnyPeopleAppTests;
			sourceTree = "<group>";
		};
		5C082438283497AB00919BB8 /* TwinnyPeopleAppUITests */ = {
			isa = PBXGroup;
			children = (
				5C082439283497AB00919BB8 /* TwinnyPeopleAppUITests.swift */,
				5C08243B283497AB00919BB8 /* TwinnyPeopleAppUITestsLaunchTests.swift */,
			);
			path = TwinnyPeopleAppUITests;
			sourceTree = "<group>";
		};
/* End PBXGroup section */

/* Begin PBXNativeTarget section */
		5C082414283497AA00919BB8 /* TwinnyPeopleApp */ = {
			isa = PBXNativeTarget;
			buildConfigurationList = 5C08243F283497AB00919BB8 /* Build configuration list for PBXNativeTarget "TwinnyPeopleApp" */;
			buildPhases = (
				5C082411283497AA00919BB8 /* Sources */,
				5C082412283497AA00919BB8 /* Frameworks */,
				5C082413283497AA00919BB8 /* Resources */,
			);
			buildRules = (
			);
			dependencies = (
			);
			name = TwinnyPeopleApp;
			productName = TwinnyPeopleApp;
			productReference = 5C082415283497AA00919BB8 /* TwinnyPeopleApp.app */;
			productType = "com.apple.product-type.application";
		};
		5C08242A283497AB00919BB8 /* TwinnyPeopleAppTests */ = {
			isa = PBXNativeTarget;
			buildConfigurationList = 5C082442283497AB00919BB8 /* Build configuration list for PBXNativeTarget "TwinnyPeopleAppTests" */;
			buildPhases = (
				5C082427283497AB00919BB8 /* Sources */,
				5C082428283497AB00919BB8 /* Frameworks */,
				5C082429283497AB00919BB8 /* Resources */,
			);
			buildRules = (
			);
			dependencies = (
				5C08242D283497AB00919BB8 /* PBXTargetDependency */,
			);
			name = TwinnyPeopleAppTests;
			productName = TwinnyPeopleAppTests;
			productReference = 5C08242B283497AB00919BB8 /* TwinnyPeopleAppTests.xctest */;
			productType = "com.apple.product-type.bundle.unit-test";
		};
		5C082434283497AB00919BB8 /* TwinnyPeopleAppUITests */ = {
			isa = PBXNativeTarget;
			buildConfigurationList = 5C082445283497AB00919BB8 /* Build configuration list for PBXNativeTarget "TwinnyPeopleAppUITests" */;
			buildPhases = (
				5C082431283497AB00919BB8 /* Sources */,
				5C082432283497AB00919BB8 /* Frameworks */,
				5C082433283497AB00919BB8 /* Resources */,
			);
			buildRules = (
			);
			dependencies = (
				5C082437283497AB00919BB8 /* PBXTargetDependency */,
			);
			name = TwinnyPeopleAppUITests;
			productName = TwinnyPeopleAppUITests;
			productReference = 5C082435283497AB00919BB8 /* TwinnyPeopleAppUITests.xctest */;
			productType = "com.apple.product-type.bundle.ui-testing";
		};
/* End PBXNativeTarget section */

/* Begin PBXProject section */
		5C08240D283497AA00919BB8 /* Project object */ = {
			isa = PBXProject;
			attributes = {
				BuildIndependentTargetsInParallel = 1;
				LastSwiftUpdateCheck = 1340;
				LastUpgradeCheck = 1340;
				TargetAttributes = {
					5C082414283497AA00919BB8 = {
						CreatedOnToolsVersion = 13.4;
					};
					5C08242A283497AB00919BB8 = {
						CreatedOnToolsVersion = 13.4;
						TestTargetID = 5C082414283497AA00919BB8;
					};
					5C082434283497AB00919BB8 = {
						CreatedOnToolsVersion = 13.4;
						TestTargetID = 5C082414283497AA00919BB8;
					};
				};
			};
			buildConfigurationList = 5C082410283497AA00919BB8 /* Build configuration list for PBXProject "TwinnyPeopleApp" */;
			compatibilityVersion = "Xcode 13.0";
			developmentRegion = en;
			hasScannedForEncodings = 0;
			knownRegions = (
				en,
				Base,
			);
			mainGroup = 5C08240C283497AA00919BB8;
			productRefGroup = 5C082416283497AA00919BB8 /* Products */;
			projectDirPath = "";
			projectRoot = "";
			targets = (
				5C082414283497AA00919BB8 /* TwinnyPeopleApp */,
				5C08242A283497AB00919BB8 /* TwinnyPeopleAppTests */,
				5C082434283497AB00919BB8 /* TwinnyPeopleAppUITests */,
			);
		};
/* End PBXProject section */

/* Begin PBXResourcesBuildPhase section */
		5C082413283497AA00919BB8 /* Resources */ = {
			isa = PBXResourcesBuildPhase;
			buildActionMask = 2147483647;
			files = (
				5C082425283497AB00919BB8 /* LaunchScreen.storyboard in Resources */,
				5C082422283497AB00919BB8 /* Assets.xcassets in Resources */,
				5C082420283497AA00919BB8 /* Main.storyboard in Resources */,
			);
			runOnlyForDeploymentPostprocessing = 0;
		};
		5C082429283497AB00919BB8 /* Resources */ = {
			isa = PBXResourcesBuildPhase;
			buildActionMask = 2147483647;
			files = (
			);
			runOnlyForDeploymentPostprocessing = 0;
		};
		5C082433283497AB00919BB8 /* Resources */ = {
			isa = PBXResourcesBuildPhase;
			buildActionMask = 2147483647;
			files = (
			);
			runOnlyForDeploymentPostprocessing = 0;
		};
/* End PBXResourcesBuildPhase section */

/* Begin PBXSourcesBuildPhase section */
		5C082411283497AA00919BB8 /* Sources */ = {
			isa = PBXSourcesBuildPhase;
			buildActionMask = 2147483647;
			files = (
				5C08241D283497AA00919BB8 /* ViewController.swift in Sources */,
				5C082419283497AA00919BB8 /* AppDelegate.swift in Sources */,
				5C08241B283497AA00919BB8 /* SceneDelegate.swift in Sources */,
			);
			runOnlyForDeploymentPostprocessing = 0;
		};
		5C082427283497AB00919BB8 /* Sources */ = {
			isa = PBXSourcesBuildPhase;
			buildActionMask = 2147483647;
			files = (
				5C082430283497AB00919BB8 /* TwinnyPeopleAppTests.swift in Sources */,
			);
			runOnlyForDeploymentPostprocessing = 0;
		};
		5C082431283497AB00919BB8 /* Sources */ = {
			isa = PBXSourcesBuildPhase;
			buildActionMask = 2147483647;
			files = (
				5C08243C283497AB00919BB8 /* TwinnyPeopleAppUITestsLaunchTests.swift in Sources */,
				5C08243A283497AB00919BB8 /* TwinnyPeopleAppUITests.swift in Sources */,
			);
			runOnlyForDeploymentPostprocessing = 0;
		};
/* End PBXSourcesBuildPhase section */

/* Begin PBXTargetDependency section */
		5C08242D283497AB00919BB8 /* PBXTargetDependency */ = {
			isa = PBXTargetDependency;
			target = 5C082414283497AA00919BB8 /* TwinnyPeopleApp */;
			targetProxy = 5C08242C283497AB00919BB8 /* PBXContainerItemProxy */;
		};
		5C082437283497AB00919BB8 /* PBXTargetDependency */ = {
			isa = PBXTargetDependency;
			target = 5C082414283497AA00919BB8 /* TwinnyPeopleApp */;
			targetProxy = 5C082436283497AB00919BB8 /* PBXContainerItemProxy */;
		};
/* End PBXTargetDependency section */

/* Begin PBXVariantGroup section */
		5C08241E283497AA00919BB8 /* Main.storyboard */ = {
			isa = PBXVariantGroup;
			children = (
				5C08241F283497AA00919BB8 /* Base */,
			);
			name = Main.storyboard;
			sourceTree = "<group>";
		};
		5C082423283497AB00919BB8 /* LaunchScreen.storyboard */ = {
			isa = PBXVariantGroup;
			children = (
				5C082424283497AB00919BB8 /* Base */,
			);
			name = LaunchScreen.storyboard;
			sourceTree = "<group>";
		};
/* End PBXVariantGroup section */

/* Begin XCBuildConfiguration section */
		5C08243D283497AB00919BB8 /* Debug */ = {
			isa = XCBuildConfiguration;
			buildSettings = {
				ALWAYS_SEARCH_USER_PATHS = NO;
				CLANG_ANALYZER_NONNULL = YES;
				CLANG_ANALYZER_NUMBER_OBJECT_CONVERSION = YES_AGGRESSIVE;
				CLANG_CXX_LANGUAGE_STANDARD = "gnu++17";
				CLANG_ENABLE_MODULES = YES;
				CLANG_ENABLE_OBJC_ARC = YES;
				CLANG_ENABLE_OBJC_WEAK = YES;
				CLANG_WARN_BLOCK_CAPTURE_AUTORELEASING = YES;
				CLANG_WARN_BOOL_CONVERSION = YES;
				CLANG_WARN_COMMA = YES;
				CLANG_WARN_CONSTANT_CONVERSION = YES;
				CLANG_WARN_DEPRECATED_OBJC_IMPLEMENTATIONS = YES;
				CLANG_WARN_DIRECT_OBJC_ISA_USAGE = YES_ERROR;
				CLANG_WARN_DOCUMENTATION_COMMENTS = YES;
				CLANG_WARN_EMPTY_BODY = YES;
				CLANG_WARN_ENUM_CONVERSION = YES;
				CLANG_WARN_INFINITE_RECURSION = YES;
				CLANG_WARN_INT_CONVERSION = YES;
				CLANG_WARN_NON_LITERAL_NULL_CONVERSION = YES;
				CLANG_WARN_OBJC_IMPLICIT_RETAIN_SELF = YES;
				CLANG_WARN_OBJC_LITERAL_CONVERSION = YES;
				CLANG_WARN_OBJC_ROOT_CLASS = YES_ERROR;
				CLANG_WARN_QUOTED_INCLUDE_IN_FRAMEWORK_HEADER = YES;
				CLANG_WARN_RANGE_LOOP_ANALYSIS = YES;
				CLANG_WARN_STRICT_PROTOTYPES = YES;
				CLANG_WARN_SUSPICIOUS_MOVE = YES;
				CLANG_WARN_UNGUARDED_AVAILABILITY = YES_AGGRESSIVE;
				CLANG_WARN_UNREACHABLE_CODE = YES;
				CLANG_WARN__DUPLICATE_METHOD_MATCH = YES;
				COPY_PHASE_STRIP = NO;
				DEBUG_INFORMATION_FORMAT = dwarf;
				ENABLE_STRICT_OBJC_MSGSEND = YES;
				ENABLE_TESTABILITY = YES;
				GCC_C_LANGUAGE_STANDARD = gnu11;
				GCC_DYNAMIC_NO_PIC = NO;
				GCC_NO_COMMON_BLOCKS = YES;
				GCC_OPTIMIZATION_LEVEL = 0;
				GCC_PREPROCESSOR_DEFINITIONS = (
					"DEBUG=1",
					"$(inherited)",
				);
				GCC_WARN_64_TO_32_BIT_CONVERSION = YES;
				GCC_WARN_ABOUT_RETURN_TYPE = YES_ERROR;
				GCC_WARN_UNDECLARED_SELECTOR = YES;
				GCC_WARN_UNINITIALIZED_AUTOS = YES_AGGRESSIVE;
				GCC_WARN_UNUSED_FUNCTION = YES;
				GCC_WARN_UNUSED_VARIABLE = YES;
				IPHONEOS_DEPLOYMENT_TARGET = 15.5;
				MTL_ENABLE_DEBUG_INFO = INCLUDE_SOURCE;
				MTL_FAST_MATH = YES;
				ONLY_ACTIVE_ARCH = YES;
				SDKROOT = iphoneos;
				SWIFT_ACTIVE_COMPILATION_CONDITIONS = DEBUG;
				SWIFT_OPTIMIZATION_LEVEL = "-Onone";
			};
			name = Debug;
		};
		5C08243E283497AB00919BB8 /* Release */ = {
			isa = XCBuildConfiguration;
			buildSettings = {
				ALWAYS_SEARCH_USER_PATHS = NO;
				CLANG_ANALYZER_NONNULL = YES;
				CLANG_ANALYZER_NUMBER_OBJECT_CONVERSION = YES_AGGRESSIVE;
				CLANG_CXX_LANGUAGE_STANDARD = "gnu++17";
				CLANG_ENABLE_MODULES = YES;
				CLANG_ENABLE_OBJC_ARC = YES;
				CLANG_ENABLE_OBJC_WEAK = YES;
				CLANG_WARN_BLOCK_CAPTURE_AUTORELEASING = YES;
				CLANG_WARN_BOOL_CONVERSION = YES;
				CLANG_WARN_COMMA = YES;
				CLANG_WARN_CONSTANT_CONVERSION = YES;
				CLANG_WARN_DEPRECATED_OBJC_IMPLEMENTATIONS = YES;
				CLANG_WARN_DIRECT_OBJC_ISA_USAGE = YES_ERROR;
				CLANG_WARN_DOCUMENTATION_COMMENTS = YES;
				CLANG_WARN_EMPTY_BODY = YES;
				CLANG_WARN_ENUM_CONVERSION = YES;
				CLANG_WARN_INFINITE_RECURSION = YES;
				CLANG_WARN_INT_CONVERSION = YES;
				CLANG_WARN_NON_LITERAL_NULL_CONVERSION = YES;
				CLANG_WARN_OBJC_IMPLICIT_RETAIN_SELF = YES;
				CLANG_WARN_OBJC_LITERAL_CONVERSION = YES;
				CLANG_WARN_OBJC_ROOT_CLASS = YES_ERROR;
				CLANG_WARN_QUOTED_INCLUDE_IN_FRAMEWORK_HEADER = YES;
				CLANG_WARN_RANGE_LOOP_ANALYSIS = YES;
				CLANG_WARN_STRICT_PROTOTYPES = YES;
				CLANG_WARN_SUSPICIOUS_MOVE = YES;
				CLANG_WARN_UNGUARDED_AVAILABILITY = YES_AGGRESSIVE;
				CLANG_WARN_UNREACHABLE_CODE = YES;
				CLANG_WARN__DUPLICATE_METHOD_MATCH = YES;
				COPY_PHASE_STRIP = NO;
				DEBUG_INFORMATION_FORMAT = "dwarf-with-dsym";
				ENABLE_NS_ASSERTIONS = NO;
				ENABLE_STRICT_OBJC_MSGSEND = YES;
				GCC_C_LANGUAGE_STANDARD = gnu11;
				GCC_NO_COMMON_BLOCKS = YES;
				GCC_WARN_64_TO_32_BIT_CONVERSION = YES;
				GCC_WARN_ABOUT_RETURN_TYPE = YES_ERROR;
				GCC_WARN_UNDECLARED_SELECTOR = YES;
				GCC_WARN_UNINITIALIZED_AUTOS = YES_AGGRESSIVE;
				GCC_WARN_UNUSED_FUNCTION = YES;
				GCC_WARN_UNUSED_VARIABLE = YES;
				IPHONEOS_DEPLOYMENT_TARGET = 15.5;
				MTL_ENABLE_DEBUG_INFO = NO;
				MTL_FAST_MATH = YES;
				SDKROOT = iphoneos;
				SWIFT_COMPILATION_MODE = wholemodule;
				SWIFT_OPTIMIZATION_LEVEL = "-O";
				VALIDATE_PRODUCT = YES;
			};
			name = Release;
		};
		5C082440283497AB00919BB8 /* Debug */ = {
			isa = XCBuildConfiguration;
			buildSettings = {
				ASSETCATALOG_COMPILER_APPICON_NAME = AppIcon;
				ASSETCATALOG_COMPILER_GLOBAL_ACCENT_COLOR_NAME = AccentColor;
				CODE_SIGN_STYLE = Automatic;
				CURRENT_PROJECT_VERSION = 1;
				DEVELOPMENT_TEAM = PY3HK5UPTR;
				GENERATE_INFOPLIST_FILE = YES;
				INFOPLIST_FILE = TwinnyPeopleApp/Info.plist;
				INFOPLIST_KEY_UIApplicationSupportsIndirectInputEvents = YES;
				INFOPLIST_KEY_UILaunchStoryboardName = LaunchScreen;
				INFOPLIST_KEY_UIMainStoryboardFile = Main;
				INFOPLIST_KEY_UISupportedInterfaceOrientations_iPad = "UIInterfaceOrientationPortrait UIInterfaceOrientationPortraitUpsideDown UIInterfaceOrientationLandscapeLeft UIInterfaceOrientationLandscapeRight";
				INFOPLIST_KEY_UISupportedInterfaceOrientations_iPhone = "UIInterfaceOrientationPortrait UIInterfaceOrientationLandscapeLeft UIInterfaceOrientationLandscapeRight";
				LD_RUNPATH_SEARCH_PATHS = (
					"$(inherited)",
					"@executable_path/Frameworks",
				);
				MARKETING_VERSION = 1.0;
				PRODUCT_BUNDLE_IDENTIFIER = twinny.TwinnyPeopleApp;
				PRODUCT_NAME = "$(TARGET_NAME)";
				SWIFT_EMIT_LOC_STRINGS = YES;
				SWIFT_VERSION = 5.0;
				TARGETED_DEVICE_FAMILY = "1,2";
			};
			name = Debug;
		};
		5C082441283497AB00919BB8 /* Release */ = {
			isa = XCBuildConfiguration;
			buildSettings = {
				ASSETCATALOG_COMPILER_APPICON_NAME = AppIcon;
				ASSETCATALOG_COMPILER_GLOBAL_ACCENT_COLOR_NAME = AccentColor;
				CODE_SIGN_STYLE = Automatic;
				CURRENT_PROJECT_VERSION = 1;
				DEVELOPMENT_TEAM = PY3HK5UPTR;
				GENERATE_INFOPLIST_FILE = YES;
				INFOPLIST_FILE = TwinnyPeopleApp/Info.plist;
				INFOPLIST_KEY_UIApplicationSupportsIndirectInputEvents = YES;
				INFOPLIST_KEY_UILaunchStoryboardName = LaunchScreen;
				INFOPLIST_KEY_UIMainStoryboardFile = Main;
				INFOPLIST_KEY_UISupportedInterfaceOrientations_iPad = "UIInterfaceOrientationPortrait UIInterfaceOrientationPortraitUpsideDown UIInterfaceOrientationLandscapeLeft UIInterfaceOrientationLandscapeRight";
				INFOPLIST_KEY_UISupportedInterfaceOrientations_iPhone = "UIInterfaceOrientationPortrait UIInterfaceOrientationLandscapeLeft UIInterfaceOrientationLandscapeRight";
				LD_RUNPATH_SEARCH_PATHS = (
					"$(inherited)",
					"@executable_path/Frameworks",
				);
				MARKETING_VERSION = 1.0;
				PRODUCT_BUNDLE_IDENTIFIER = twinny.TwinnyPeopleApp;
				PRODUCT_NAME = "$(TARGET_NAME)";
				SWIFT_EMIT_LOC_STRINGS = YES;
				SWIFT_VERSION = 5.0;
				TARGETED_DEVICE_FAMILY = "1,2";
			};
			name = Release;
		};
		5C082443283497AB00919BB8 /* Debug */ = {
			isa = XCBuildConfiguration;
			buildSettings = {
				ALWAYS_EMBED_SWIFT_STANDARD_LIBRARIES = YES;
				BUNDLE_LOADER = "$(TEST_HOST)";
				CODE_SIGN_STYLE = Automatic;
				CURRENT_PROJECT_VERSION = 1;
				DEVELOPMENT_TEAM = PY3HK5UPTR;
				GENERATE_INFOPLIST_FILE = YES;
				IPHONEOS_DEPLOYMENT_TARGET = 15.5;
				MARKETING_VERSION = 1.0;
				PRODUCT_BUNDLE_IDENTIFIER = twinny.TwinnyPeopleAppTests;
				PRODUCT_NAME = "$(TARGET_NAME)";
				SWIFT_EMIT_LOC_STRINGS = NO;
				SWIFT_VERSION = 5.0;
				TARGETED_DEVICE_FAMILY = "1,2";
				TEST_HOST = "$(BUILT_PRODUCTS_DIR)/TwinnyPeopleApp.app/TwinnyPeopleApp";
			};
			name = Debug;
		};
		5C082444283497AB00919BB8 /* Release */ = {
			isa = XCBuildConfiguration;
			buildSettings = {
				ALWAYS_EMBED_SWIFT_STANDARD_LIBRARIES = YES;
				BUNDLE_LOADER = "$(TEST_HOST)";
				CODE_SIGN_STYLE = Automatic;
				CURRENT_PROJECT_VERSION = 1;
				DEVELOPMENT_TEAM = PY3HK5UPTR;
				GENERATE_INFOPLIST_FILE = YES;
				IPHONEOS_DEPLOYMENT_TARGET = 15.5;
				MARKETING_VERSION = 1.0;
				PRODUCT_BUNDLE_IDENTIFIER = twinny.TwinnyPeopleAppTests;
				PRODUCT_NAME = "$(TARGET_NAME)";
				SWIFT_EMIT_LOC_STRINGS = NO;
				SWIFT_VERSION = 5.0;
				TARGETED_DEVICE_FAMILY = "1,2";
				TEST_HOST = "$(BUILT_PRODUCTS_DIR)/TwinnyPeopleApp.app/TwinnyPeopleApp";
			};
			name = Release;
		};
		5C082446283497AB00919BB8 /* Debug */ = {
			isa = XCBuildConfiguration;
			buildSettings = {
				ALWAYS_EMBED_SWIFT_STANDARD_LIBRARIES = YES;
				CODE_SIGN_STYLE = Automatic;
				CURRENT_PROJECT_VERSION = 1;
				DEVELOPMENT_TEAM = PY3HK5UPTR;
				GENERATE_INFOPLIST_FILE = YES;
				MARKETING_VERSION = 1.0;
				PRODUCT_BUNDLE_IDENTIFIER = twinny.TwinnyPeopleAppUITests;
				PRODUCT_NAME = "$(TARGET_NAME)";
				SWIFT_EMIT_LOC_STRINGS = NO;
				SWIFT_VERSION = 5.0;
				TARGETED_DEVICE_FAMILY = "1,2";
				TEST_TARGET_NAME = TwinnyPeopleApp;
			};
			name = Debug;
		};
		5C082447283497AB00919BB8 /* Release */ = {
			isa = XCBuildConfiguration;
			buildSettings = {
				ALWAYS_EMBED_SWIFT_STANDARD_LIBRARIES = YES;
				CODE_SIGN_STYLE = Automatic;
				CURRENT_PROJECT_VERSION = 1;
				DEVELOPMENT_TEAM = PY3HK5UPTR;
				GENERATE_INFOPLIST_FILE = YES;
				MARKETING_VERSION = 1.0;
				PRODUCT_BUNDLE_IDENTIFIER = twinny.TwinnyPeopleAppUITests;
				PRODUCT_NAME = "$(TARGET_NAME)";
				SWIFT_EMIT_LOC_STRINGS = NO;
				SWIFT_VERSION = 5.0;
				TARGETED_DEVICE_FAMILY = "1,2";
				TEST_TARGET_NAME = TwinnyPeopleApp;
			};
			name = Release;
		};
/* End XCBuildConfiguration section */

/* Begin XCConfigurationList section */
		5C082410283497AA00919BB8 /* Build configuration list for PBXProject "TwinnyPeopleApp" */ = {
			isa = XCConfigurationList;
			buildConfigurations = (
				5C08243D283497AB00919BB8 /* Debug */,
				5C08243E283497AB00919BB8 /* Release */,
			);
			defaultConfigurationIsVisible = 0;
			defaultConfigurationName = Release;
		};
		5C08243F283497AB00919BB8 /* Build configuration list for PBXNativeTarget "TwinnyPeopleApp" */ = {
			isa = XCConfigurationList;
			buildConfigurations = (
				5C082440283497AB00919BB8 /* Debug */,
				5C082441283497AB00919BB8 /* Release */,
			);
			defaultConfigurationIsVisible = 0;
			defaultConfigurationName = Release;
		};
		5C082442283497AB00919BB8 /* Build configuration list for PBXNativeTarget "TwinnyPeopleAppTests" */ = {
			isa = XCConfigurationList;
			buildConfigurations = (
				5C082443283497AB00919BB8 /* Debug */,
				5C082444283497AB00919BB8 /* Release */,
			);
			defaultConfigurationIsVisible = 0;
			defaultConfigurationName = Release;
		};
		5C082445283497AB00919BB8 /* Build configuration list for PBXNativeTarget "TwinnyPeopleAppUITests" */ = {
			isa = XCConfigurationList;
			buildConfigurations = (
				5C082446283497AB00919BB8 /* Debug */,
				5C082447283497AB00919BB8 /* Release */,
			);
			defaultConfigurationIsVisible = 0;
			defaultConfigurationName = Release;
		};
/* End XCConfigurationList section */
	};
	rootObject = 5C08240D283497AA00919BB8 /* Project object */;
}
